// !$*UTF8*$!
{
	archiveVersion = 1;
	classes = {
	};
	objectVersion = 50;
	objects = {

/* Begin PBXBuildFile section */
		12FED3C624035CEC0066726E /* AppDelegate.swift in Sources */ = {isa = PBXBuildFile; fileRef = 12FED3C524035CEC0066726E /* AppDelegate.swift */; };
		12FED3C824035CEC0066726E /* SceneDelegate.swift in Sources */ = {isa = PBXBuildFile; fileRef = 12FED3C724035CEC0066726E /* SceneDelegate.swift */; };
		12FED3CA24035CEC0066726E /* ViewController.swift in Sources */ = {isa = PBXBuildFile; fileRef = 12FED3C924035CEC0066726E /* ViewController.swift */; };
		12FED3CD24035CEC0066726E /* Main.storyboard in Resources */ = {isa = PBXBuildFile; fileRef = 12FED3CB24035CEC0066726E /* Main.storyboard */; };
		12FED3CF24035CEF0066726E /* Assets.xcassets in Resources */ = {isa = PBXBuildFile; fileRef = 12FED3CE24035CEF0066726E /* Assets.xcassets */; };
		12FED3D224035CEF0066726E /* LaunchScreen.storyboard in Resources */ = {isa = PBXBuildFile; fileRef = 12FED3D024035CEF0066726E /* LaunchScreen.storyboard */; };
		12FED3DD24035CEF0066726E /* SwiftPracticeProjectTests.swift in Sources */ = {isa = PBXBuildFile; fileRef = 12FED3DC24035CEF0066726E /* SwiftPracticeProjectTests.swift */; };
		12FED3E824035CEF0066726E /* SwiftPracticeProjectUITests.swift in Sources */ = {isa = PBXBuildFile; fileRef = 12FED3E724035CEF0066726E /* SwiftPracticeProjectUITests.swift */; };
/* End PBXBuildFile section */

/* Begin PBXContainerItemProxy section */
		12FED3D924035CEF0066726E /* PBXContainerItemProxy */ = {
			isa = PBXContainerItemProxy;
			containerPortal = 12FED3BA24035CEC0066726E /* Project object */;
			proxyType = 1;
			remoteGlobalIDString = 12FED3C124035CEC0066726E;
			remoteInfo = SwiftPracticeProject;
		};
		12FED3E424035CEF0066726E /* PBXContainerItemProxy */ = {
			isa = PBXContainerItemProxy;
			containerPortal = 12FED3BA24035CEC0066726E /* Project object */;
			proxyType = 1;
			remoteGlobalIDString = 12FED3C124035CEC0066726E;
			remoteInfo = SwiftPracticeProject;
		};
/* End PBXContainerItemProxy section */

/* Begin PBXFileReference section */
		12FED3C224035CEC0066726E /* SwiftPracticeProject.app */ = {isa = PBXFileReference; explicitFileType = wrapper.application; includeInIndex = 0; path = SwiftPracticeProject.app; sourceTree = BUILT_PRODUCTS_DIR; };
		12FED3C524035CEC0066726E /* AppDelegate.swift */ = {isa = PBXFileReference; lastKnownFileType = sourcecode.swift; path = AppDelegate.swift; sourceTree = "<group>"; };
		12FED3C724035CEC0066726E /* SceneDelegate.swift */ = {isa = PBXFileReference; lastKnownFileType = sourcecode.swift; path = SceneDelegate.swift; sourceTree = "<group>"; };
		12FED3C924035CEC0066726E /* ViewController.swift */ = {isa = PBXFileReference; lastKnownFileType = sourcecode.swift; path = ViewController.swift; sourceTree = "<group>"; };
		12FED3CC24035CEC0066726E /* Base */ = {isa = PBXFileReference; lastKnownFileType = file.storyboard; name = Base; path = Base.lproj/Main.storyboard; sourceTree = "<group>"; };
		12FED3CE24035CEF0066726E /* Assets.xcassets */ = {isa = PBXFileReference; lastKnownFileType = folder.assetcatalog; path = Assets.xcassets; sourceTree = "<group>"; };
		12FED3D124035CEF0066726E /* Base */ = {isa = PBXFileReference; lastKnownFileType = file.storyboard; name = Base; path = Base.lproj/LaunchScreen.storyboard; sourceTree = "<group>"; };
		12FED3D324035CEF0066726E /* Info.plist */ = {isa = PBXFileReference; lastKnownFileType = text.plist.xml; path = Info.plist; sourceTree = "<group>"; };
		12FED3D824035CEF0066726E /* SwiftPracticeProjectTests.xctest */ = {isa = PBXFileReference; explicitFileType = wrapper.cfbundle; includeInIndex = 0; path = SwiftPracticeProjectTests.xctest; sourceTree = BUILT_PRODUCTS_DIR; };
		12FED3DC24035CEF0066726E /* SwiftPracticeProjectTests.swift */ = {isa = PBXFileReference; lastKnownFileType = sourcecode.swift; path = SwiftPracticeProjectTests.swift; sourceTree = "<group>"; };
		12FED3DE24035CEF0066726E /* Info.plist */ = {isa = PBXFileReference; lastKnownFileType = text.plist.xml; path = Info.plist; sourceTree = "<group>"; };
		12FED3E324035CEF0066726E /* SwiftPracticeProjectUITests.xctest */ = {isa = PBXFileReference; explicitFileType = wrapper.cfbundle; includeInIndex = 0; path = SwiftPracticeProjectUITests.xctest; sourceTree = BUILT_PRODUCTS_DIR; };
		12FED3E724035CEF0066726E /* SwiftPracticeProjectUITests.swift */ = {isa = PBXFileReference; lastKnownFileType = sourcecode.swift; path = SwiftPracticeProjectUITests.swift; sourceTree = "<group>"; };
		12FED3E924035CEF0066726E /* Info.plist */ = {isa = PBXFileReference; lastKnownFileType = text.plist.xml; path = Info.plist; sourceTree = "<group>"; };
/* End PBXFileReference section */

/* Begin PBXFrameworksBuildPhase section */
		12FED3BF24035CEC0066726E /* Frameworks */ = {
			isa = PBXFrameworksBuildPhase;
			buildActionMask = 2147483647;
			files = (
			);
			runOnlyForDeploymentPostprocessing = 0;
		};
		12FED3D524035CEF0066726E /* Frameworks */ = {
			isa = PBXFrameworksBuildPhase;
			buildActionMask = 2147483647;
			files = (
			);
			runOnlyForDeploymentPostprocessing = 0;
		};
		12FED3E024035CEF0066726E /* Frameworks */ = {
			isa = PBXFrameworksBuildPhase;
			buildActionMask = 2147483647;
			files = (
			);
			runOnlyForDeploymentPostprocessing = 0;
		};
/* End PBXFrameworksBuildPhase section */

/* Begin PBXGroup section */
		12FED3B924035CEC0066726E = {
			isa = PBXGroup;
			children = (
				12FED3C424035CEC0066726E /* SwiftPracticeProject */,
				12FED3DB24035CEF0066726E /* SwiftPracticeProjectTests */,
				12FED3E624035CEF0066726E /* SwiftPracticeProjectUITests */,
				12FED3C324035CEC0066726E /* Products */,
			);
			sourceTree = "<group>";
		};
		12FED3C324035CEC0066726E /* Products */ = {
			isa = PBXGroup;
			children = (
				12FED3C224035CEC0066726E /* SwiftPracticeProject.app */,
				12FED3D824035CEF0066726E /* SwiftPracticeProjectTests.xctest */,
				12FED3E324035CEF0066726E /* SwiftPracticeProjectUITests.xctest */,
			);
			name = Products;
			sourceTree = "<group>";
		};
		12FED3C424035CEC0066726E /* SwiftPracticeProject */ = {
			isa = PBXGroup;
			children = (
				12FED3C524035CEC0066726E /* AppDelegate.swift */,
				12FED3C724035CEC0066726E /* SceneDelegate.swift */,
				12FED3C924035CEC0066726E /* ViewController.swift */,
				12FED3CB24035CEC0066726E /* Main.storyboard */,
				12FED3CE24035CEF0066726E /* Assets.xcassets */,
				12FED3D024035CEF0066726E /* LaunchScreen.storyboard */,
				12FED3D324035CEF0066726E /* Info.plist */,
			);
			path = SwiftPracticeProject;
			sourceTree = "<group>";
		};
		12FED3DB24035CEF0066726E /* SwiftPracticeProjectTests */ = {
			isa = PBXGroup;
			children = (
				12FED3DC24035CEF0066726E /* SwiftPracticeProjectTests.swift */,
				12FED3DE24035CEF0066726E /* Info.plist */,
			);
			path = SwiftPracticeProjectTests;
			sourceTree = "<group>";
		};
		12FED3E624035CEF0066726E /* SwiftPracticeProjectUITests */ = {
			isa = PBXGroup;
			children = (
				12FED3E724035CEF0066726E /* SwiftPracticeProjectUITests.swift */,
				12FED3E924035CEF0066726E /* Info.plist */,
			);
			path = SwiftPracticeProjectUITests;
			sourceTree = "<group>";
		};
/* End PBXGroup section */

/* Begin PBXNativeTarget section */
		12FED3C124035CEC0066726E /* SwiftPracticeProject */ = {
			isa = PBXNativeTarget;
			buildConfigurationList = 12FED3EC24035CEF0066726E /* Build configuration list for PBXNativeTarget "SwiftPracticeProject" */;
			buildPhases = (
				12FED3BE24035CEC0066726E /* Sources */,
				12FED3BF24035CEC0066726E /* Frameworks */,
				12FED3C024035CEC0066726E /* Resources */,
			);
			buildRules = (
			);
			dependencies = (
			);
			name = SwiftPracticeProject;
			productName = SwiftPracticeProject;
			productReference = 12FED3C224035CEC0066726E /* SwiftPracticeProject.app */;
			productType = "com.apple.product-type.application";
		};
		12FED3D724035CEF0066726E /* SwiftPracticeProjectTests */ = {
			isa = PBXNativeTarget;
			buildConfigurationList = 12FED3EF24035CEF0066726E /* Build configuration list for PBXNativeTarget "SwiftPracticeProjectTests" */;
			buildPhases = (
				12FED3D424035CEF0066726E /* Sources */,
				12FED3D524035CEF0066726E /* Frameworks */,
				12FED3D624035CEF0066726E /* Resources */,
			);
			buildRules = (
			);
			dependencies = (
				12FED3DA24035CEF0066726E /* PBXTargetDependency */,
			);
			name = SwiftPracticeProjectTests;
			productName = SwiftPracticeProjectTests;
			productReference = 12FED3D824035CEF0066726E /* SwiftPracticeProjectTests.xctest */;
			productType = "com.apple.product-type.bundle.unit-test";
		};
		12FED3E224035CEF0066726E /* SwiftPracticeProjectUITests */ = {
			isa = PBXNativeTarget;
			buildConfigurationList = 12FED3F224035CEF0066726E /* Build configuration list for PBXNativeTarget "SwiftPracticeProjectUITests" */;
			buildPhases = (
				12FED3DF24035CEF0066726E /* Sources */,
				12FED3E024035CEF0066726E /* Frameworks */,
				12FED3E124035CEF0066726E /* Resources */,
			);
			buildRules = (
			);
			dependencies = (
				12FED3E524035CEF0066726E /* PBXTargetDependency */,
			);
			name = SwiftPracticeProjectUITests;
			productName = SwiftPracticeProjectUITests;
			productReference = 12FED3E324035CEF0066726E /* SwiftPracticeProjectUITests.xctest */;
			productType = "com.apple.product-type.bundle.ui-testing";
		};
/* End PBXNativeTarget section */

/* Begin PBXProject section */
		12FED3BA24035CEC0066726E /* Project object */ = {
			isa = PBXProject;
			attributes = {
				LastSwiftUpdateCheck = 1110;
				LastUpgradeCheck = 1110;
				ORGANIZATIONNAME = qy;
				TargetAttributes = {
					12FED3C124035CEC0066726E = {
						CreatedOnToolsVersion = 11.1;
					};
					12FED3D724035CEF0066726E = {
						CreatedOnToolsVersion = 11.1;
						TestTargetID = 12FED3C124035CEC0066726E;
					};
					12FED3E224035CEF0066726E = {
						CreatedOnToolsVersion = 11.1;
						TestTargetID = 12FED3C124035CEC0066726E;
					};
				};
			};
			buildConfigurationList = 12FED3BD24035CEC0066726E /* Build configuration list for PBXProject "SwiftPracticeProject" */;
			compatibilityVersion = "Xcode 9.3";
			developmentRegion = en;
			hasScannedForEncodings = 0;
			knownRegions = (
				en,
				Base,
			);
			mainGroup = 12FED3B924035CEC0066726E;
			productRefGroup = 12FED3C324035CEC0066726E /* Products */;
			projectDirPath = "";
			projectRoot = "";
			targets = (
				12FED3C124035CEC0066726E /* SwiftPracticeProject */,
				12FED3D724035CEF0066726E /* SwiftPracticeProjectTests */,
				12FED3E224035CEF0066726E /* SwiftPracticeProjectUITests */,
			);
		};
/* End PBXProject section */

/* Begin PBXResourcesBuildPhase section */
		12FED3C024035CEC0066726E /* Resources */ = {
			isa = PBXResourcesBuildPhase;
			buildActionMask = 2147483647;
			files = (
				12FED3D224035CEF0066726E /* LaunchScreen.storyboard in Resources */,
				12FED3CF24035CEF0066726E /* Assets.xcassets in Resources */,
				12FED3CD24035CEC0066726E /* Main.storyboard in Resources */,
			);
			runOnlyForDeploymentPostprocessing = 0;
		};
		12FED3D624035CEF0066726E /* Resources */ = {
			isa = PBXResourcesBuildPhase;
			buildActionMask = 2147483647;
			files = (
			);
			runOnlyForDeploymentPostprocessing = 0;
		};
		12FED3E124035CEF0066726E /* Resources */ = {
			isa = PBXResourcesBuildPhase;
			buildActionMask = 2147483647;
			files = (
			);
			runOnlyForDeploymentPostprocessing = 0;
		};
/* End PBXResourcesBuildPhase section */

/* Begin PBXSourcesBuildPhase section */
		12FED3BE24035CEC0066726E /* Sources */ = {
			isa = PBXSourcesBuildPhase;
			buildActionMask = 2147483647;
			files = (
				12FED3CA24035CEC0066726E /* ViewController.swift in Sources */,
				12FED3C624035CEC0066726E /* AppDelegate.swift in Sources */,
				12FED3C824035CEC0066726E /* SceneDelegate.swift in Sources */,
			);
			runOnlyForDeploymentPostprocessing = 0;
		};
		12FED3D424035CEF0066726E /* Sources */ = {
			isa = PBXSourcesBuildPhase;
			buildActionMask = 2147483647;
			files = (
				12FED3DD24035CEF0066726E /* SwiftPracticeProjectTests.swift in Sources */,
			);
			runOnlyForDeploymentPostprocessing = 0;
		};
		12FED3DF24035CEF0066726E /* Sources */ = {
			isa = PBXSourcesBuildPhase;
			buildActionMask = 2147483647;
			files = (
				12FED3E824035CEF0066726E /* SwiftPracticeProjectUITests.swift in Sources */,
			);
			runOnlyForDeploymentPostprocessing = 0;
		};
/* End PBXSourcesBuildPhase section */

/* Begin PBXTargetDependency section */
		12FED3DA24035CEF0066726E /* PBXTargetDependency */ = {
			isa = PBXTargetDependency;
			target = 12FED3C124035CEC0066726E /* SwiftPracticeProject */;
			targetProxy = 12FED3D924035CEF0066726E /* PBXContainerItemProxy */;
		};
		12FED3E524035CEF0066726E /* PBXTargetDependency */ = {
			isa = PBXTargetDependency;
			target = 12FED3C124035CEC0066726E /* SwiftPracticeProject */;
			targetProxy = 12FED3E424035CEF0066726E /* PBXContainerItemProxy */;
		};
/* End PBXTargetDependency section */

/* Begin PBXVariantGroup section */
		12FED3CB24035CEC0066726E /* Main.storyboard */ = {
			isa = PBXVariantGroup;
			children = (
				12FED3CC24035CEC0066726E /* Base */,
			);
			name = Main.storyboard;
			sourceTree = "<group>";
		};
		12FED3D024035CEF0066726E /* LaunchScreen.storyboard */ = {
			isa = PBXVariantGroup;
			children = (
				12FED3D124035CEF0066726E /* Base */,
			);
			name = LaunchScreen.storyboard;
			sourceTree = "<group>";
		};
/* End PBXVariantGroup section */

/* Begin XCBuildConfiguration section */
		12FED3EA24035CEF0066726E /* Debug */ = {
			isa = XCBuildConfiguration;
			buildSettings = {
				ALWAYS_SEARCH_USER_PATHS = NO;
				CLANG_ANALYZER_NONNULL = YES;
				CLANG_ANALYZER_NUMBER_OBJECT_CONVERSION = YES_AGGRESSIVE;
				CLANG_CXX_LANGUAGE_STANDARD = "gnu++14";
				CLANG_CXX_LIBRARY = "libc++";
				CLANG_ENABLE_MODULES = YES;
				CLANG_ENABLE_OBJC_ARC = YES;
				CLANG_ENABLE_OBJC_WEAK = YES;
				CLANG_WARN_BLOCK_CAPTURE_AUTORELEASING = YES;
				CLANG_WARN_BOOL_CONVERSION = YES;
				CLANG_WARN_COMMA = YES;
				CLANG_WARN_CONSTANT_CONVERSION = YES;
				CLANG_WARN_DEPRECATED_OBJC_IMPLEMENTATIONS = YES;
				CLANG_WARN_DIRECT_OBJC_ISA_USAGE = YES_ERROR;
				CLANG_WARN_DOCUMENTATION_COMMENTS = YES;
				CLANG_WARN_EMPTY_BODY = YES;
				CLANG_WARN_ENUM_CONVERSION = YES;
				CLANG_WARN_INFINITE_RECURSION = YES;
				CLANG_WARN_INT_CONVERSION = YES;
				CLANG_WARN_NON_LITERAL_NULL_CONVERSION = YES;
				CLANG_WARN_OBJC_IMPLICIT_RETAIN_SELF = YES;
				CLANG_WARN_OBJC_LITERAL_CONVERSION = YES;
				CLANG_WARN_OBJC_ROOT_CLASS = YES_ERROR;
				CLANG_WARN_RANGE_LOOP_ANALYSIS = YES;
				CLANG_WARN_STRICT_PROTOTYPES = YES;
				CLANG_WARN_SUSPICIOUS_MOVE = YES;
				CLANG_WARN_UNGUARDED_AVAILABILITY = YES_AGGRESSIVE;
				CLANG_WARN_UNREACHABLE_CODE = YES;
				CLANG_WARN__DUPLICATE_METHOD_MATCH = YES;
				COPY_PHASE_STRIP = NO;
				DEBUG_INFORMATION_FORMAT = dwarf;
				ENABLE_STRICT_OBJC_MSGSEND = YES;
				ENABLE_TESTABILITY = YES;
				GCC_C_LANGUAGE_STANDARD = gnu11;
				GCC_DYNAMIC_NO_PIC = NO;
				GCC_NO_COMMON_BLOCKS = YES;
				GCC_OPTIMIZATION_LEVEL = 0;
				GCC_PREPROCESSOR_DEFINITIONS = (
					"DEBUG=1",
					"$(inherited)",
				);
				GCC_WARN_64_TO_32_BIT_CONVERSION = YES;
				GCC_WARN_ABOUT_RETURN_TYPE = YES_ERROR;
				GCC_WARN_UNDECLARED_SELECTOR = YES;
				GCC_WARN_UNINITIALIZED_AUTOS = YES_AGGRESSIVE;
				GCC_WARN_UNUSED_FUNCTION = YES;
				GCC_WARN_UNUSED_VARIABLE = YES;
				IPHONEOS_DEPLOYMENT_TARGET = 13.1;
				MTL_ENABLE_DEBUG_INFO = INCLUDE_SOURCE;
				MTL_FAST_MATH = YES;
				ONLY_ACTIVE_ARCH = YES;
				SDKROOT = iphoneos;
				SWIFT_ACTIVE_COMPILATION_CONDITIONS = DEBUG;
				SWIFT_OPTIMIZATION_LEVEL = "-Onone";
			};
			name = Debug;
		};
		12FED3EB24035CEF0066726E /* Release */ = {
			isa = XCBuildConfiguration;
			buildSettings = {
				ALWAYS_SEARCH_USER_PATHS = NO;
				CLANG_ANALYZER_NONNULL = YES;
				CLANG_ANALYZER_NUMBER_OBJECT_CONVERSION = YES_AGGRESSIVE;
				CLANG_CXX_LANGUAGE_STANDARD = "gnu++14";
				CLANG_CXX_LIBRARY = "libc++";
				CLANG_ENABLE_MODULES = YES;
				CLANG_ENABLE_OBJC_ARC = YES;
				CLANG_ENABLE_OBJC_WEAK = YES;
				CLANG_WARN_BLOCK_CAPTURE_AUTORELEASING = YES;
				CLANG_WARN_BOOL_CONVERSION = YES;
				CLANG_WARN_COMMA = YES;
				CLANG_WARN_CONSTANT_CONVERSION = YES;
				CLANG_WARN_DEPRECATED_OBJC_IMPLEMENTATIONS = YES;
				CLANG_WARN_DIRECT_OBJC_ISA_USAGE = YES_ERROR;
				CLANG_WARN_DOCUMENTATION_COMMENTS = YES;
				CLANG_WARN_EMPTY_BODY = YES;
				CLANG_WARN_ENUM_CONVERSION = YES;
				CLANG_WARN_INFINITE_RECURSION = YES;
				CLANG_WARN_INT_CONVERSION = YES;
				CLANG_WARN_NON_LITERAL_NULL_CONVERSION = YES;
				CLANG_WARN_OBJC_IMPLICIT_RETAIN_SELF = YES;
				CLANG_WARN_OBJC_LITERAL_CONVERSION = YES;
				CLANG_WARN_OBJC_ROOT_CLASS = YES_ERROR;
				CLANG_WARN_RANGE_LOOP_ANALYSIS = YES;
				CLANG_WARN_STRICT_PROTOTYPES = YES;
				CLANG_WARN_SUSPICIOUS_MOVE = YES;
				CLANG_WARN_UNGUARDED_AVAILABILITY = YES_AGGRESSIVE;
				CLANG_WARN_UNREACHABLE_CODE = YES;
				CLANG_WARN__DUPLICATE_METHOD_MATCH = YES;
				COPY_PHASE_STRIP = NO;
				DEBUG_INFORMATION_FORMAT = "dwarf-with-dsym";
				ENABLE_NS_ASSERTIONS = NO;
				ENABLE_STRICT_OBJC_MSGSEND = YES;
				GCC_C_LANGUAGE_STANDARD = gnu11;
				GCC_NO_COMMON_BLOCKS = YES;
				GCC_WARN_64_TO_32_BIT_CONVERSION = YES;
				GCC_WARN_ABOUT_RETURN_TYPE = YES_ERROR;
				GCC_WARN_UNDECLARED_SELECTOR = YES;
				GCC_WARN_UNINITIALIZED_AUTOS = YES_AGGRESSIVE;
				GCC_WARN_UNUSED_FUNCTION = YES;
				GCC_WARN_UNUSED_VARIABLE = YES;
				IPHONEOS_DEPLOYMENT_TARGET = 13.1;
				MTL_ENABLE_DEBUG_INFO = NO;
				MTL_FAST_MATH = YES;
				SDKROOT = iphoneos;
				SWIFT_COMPILATION_MODE = wholemodule;
				SWIFT_OPTIMIZATION_LEVEL = "-O";
				VALIDATE_PRODUCT = YES;
			};
			name = Release;
		};
		12FED3ED24035CEF0066726E /* Debug */ = {
			isa = XCBuildConfiguration;
			buildSettings = {
				ASSETCATALOG_COMPILER_APPICON_NAME = AppIcon;
				CODE_SIGN_STYLE = Automatic;
				DEVELOPMENT_TEAM = CHHH5YM6SR;
				INFOPLIST_FILE = SwiftPracticeProject/Info.plist;
				LD_RUNPATH_SEARCH_PATHS = (
					"$(inherited)",
					"@executable_path/Frameworks",
				);
				PRODUCT_BUNDLE_IDENTIFIER = qy.SwiftPracticeProject;
				PRODUCT_NAME = "$(TARGET_NAME)";
				SWIFT_VERSION = 5.0;
				TARGETED_DEVICE_FAMILY = "1,2";
			};
			name = Debug;
		};
		12FED3EE24035CEF0066726E /* Release */ = {
			isa = XCBuildConfiguration;
			buildSettings = {
				ASSETCATALOG_COMPILER_APPICON_NAME = AppIcon;
				CODE_SIGN_STYLE = Automatic;
				DEVELOPMENT_TEAM = CHHH5YM6SR;
				INFOPLIST_FILE = SwiftPracticeProject/Info.plist;
				LD_RUNPATH_SEARCH_PATHS = (
					"$(inherited)",
					"@executable_path/Frameworks",
				);
				PRODUCT_BUNDLE_IDENTIFIER = qy.SwiftPracticeProject;
				PRODUCT_NAME = "$(TARGET_NAME)";
				SWIFT_VERSION = 5.0;
				TARGETED_DEVICE_FAMILY = "1,2";
			};
			name = Release;
		};
		12FED3F024035CEF0066726E /* Debug */ = {
			isa = XCBuildConfiguration;
			buildSettings = {
				ALWAYS_EMBED_SWIFT_STANDARD_LIBRARIES = YES;
				BUNDLE_LOADER = "$(TEST_HOST)";
				CODE_SIGN_STYLE = Automatic;
				DEVELOPMENT_TEAM = CHHH5YM6SR;
				INFOPLIST_FILE = SwiftPracticeProjectTests/Info.plist;
				IPHONEOS_DEPLOYMENT_TARGET = 13.1;
				LD_RUNPATH_SEARCH_PATHS = (
					"$(inherited)",
					"@executable_path/Frameworks",
					"@loader_path/Frameworks",
				);
				PRODUCT_BUNDLE_IDENTIFIER = qy.SwiftPracticeProjectTests;
				PRODUCT_NAME = "$(TARGET_NAME)";
				SWIFT_VERSION = 5.0;
				TARGETED_DEVICE_FAMILY = "1,2";
				TEST_HOST = "$(BUILT_PRODUCTS_DIR)/SwiftPracticeProject.app/SwiftPracticeProject";
			};
			name = Debug;
		};
		12FED3F124035CEF0066726E /* Release */ = {
			isa = XCBuildConfiguration;
			buildSettings = {
				ALWAYS_EMBED_SWIFT_STANDARD_LIBRARIES = YES;
				BUNDLE_LOADER = "$(TEST_HOST)";
				CODE_SIGN_STYLE = Automatic;
				DEVELOPMENT_TEAM = CHHH5YM6SR;
				INFOPLIST_FILE = SwiftPracticeProjectTests/Info.plist;
				IPHONEOS_DEPLOYMENT_TARGET = 13.1;
				LD_RUNPATH_SEARCH_PATHS = (
					"$(inherited)",
					"@executable_path/Frameworks",
					"@loader_path/Frameworks",
				);
				PRODUCT_BUNDLE_IDENTIFIER = qy.SwiftPracticeProjectTests;
				PRODUCT_NAME = "$(TARGET_NAME)";
				SWIFT_VERSION = 5.0;
				TARGETED_DEVICE_FAMILY = "1,2";
				TEST_HOST = "$(BUILT_PRODUCTS_DIR)/SwiftPracticeProject.app/SwiftPracticeProject";
			};
			name = Release;
		};
		12FED3F324035CEF0066726E /* Debug */ = {
			isa = XCBuildConfiguration;
			buildSettings = {
				ALWAYS_EMBED_SWIFT_STANDARD_LIBRARIES = YES;
				CODE_SIGN_STYLE = Automatic;
				DEVELOPMENT_TEAM = CHHH5YM6SR;
				INFOPLIST_FILE = SwiftPracticeProjectUITests/Info.plist;
				LD_RUNPATH_SEARCH_PATHS = (
					"$(inherited)",
					"@executable_path/Frameworks",
					"@loader_path/Frameworks",
				);
				PRODUCT_BUNDLE_IDENTIFIER = qy.SwiftPracticeProjectUITests;
				PRODUCT_NAME = "$(TARGET_NAME)";
				SWIFT_VERSION = 5.0;
				TARGETED_DEVICE_FAMILY = "1,2";
				TEST_TARGET_NAME = SwiftPracticeProject;
			};
			name = Debug;
		};
		12FED3F424035CEF0066726E /* Release */ = {
			isa = XCBuildConfiguration;
			buildSettings = {
				ALWAYS_EMBED_SWIFT_STANDARD_LIBRARIES = YES;
				CODE_SIGN_STYLE = Automatic;
				DEVELOPMENT_TEAM = CHHH5YM6SR;
				INFOPLIST_FILE = SwiftPracticeProjectUITests/Info.plist;
				LD_RUNPATH_SEARCH_PATHS = (
					"$(inherited)",
					"@executable_path/Frameworks",
					"@loader_path/Frameworks",
				);
				PRODUCT_BUNDLE_IDENTIFIER = qy.SwiftPracticeProjectUITests;
				PRODUCT_NAME = "$(TARGET_NAME)";
				SWIFT_VERSION = 5.0;
				TARGETED_DEVICE_FAMILY = "1,2";
				TEST_TARGET_NAME = SwiftPracticeProject;
			};
			name = Release;
		};
/* End XCBuildConfiguration section */

/* Begin XCConfigurationList section */
		12FED3BD24035CEC0066726E /* Build configuration list for PBXProject "SwiftPracticeProject" */ = {
			isa = XCConfigurationList;
			buildConfigurations = (
				12FED3EA24035CEF0066726E /* Debug */,
				12FED3EB24035CEF0066726E /* Release */,
			);
			defaultConfigurationIsVisible = 0;
			defaultConfigurationName = Release;
		};
		12FED3EC24035CEF0066726E /* Build configuration list for PBXNativeTarget "SwiftPracticeProject" */ = {
			isa = XCConfigurationList;
			buildConfigurations = (
				12FED3ED24035CEF0066726E /* Debug */,
				12FED3EE24035CEF0066726E /* Release */,
			);
			defaultConfigurationIsVisible = 0;
			defaultConfigurationName = Release;
		};
		12FED3EF24035CEF0066726E /* Build configuration list for PBXNativeTarget "SwiftPracticeProjectTests" */ = {
			isa = XCConfigurationList;
			buildConfigurations = (
				12FED3F024035CEF0066726E /* Debug */,
				12FED3F124035CEF0066726E /* Release */,
			);
			defaultConfigurationIsVisible = 0;
			defaultConfigurationName = Release;
		};
		12FED3F224035CEF0066726E /* Build configuration list for PBXNativeTarget "SwiftPracticeProjectUITests" */ = {
			isa = XCConfigurationList;
			buildConfigurations = (
				12FED3F324035CEF0066726E /* Debug */,
				12FED3F424035CEF0066726E /* Release */,
			);
			defaultConfigurationIsVisible = 0;
			defaultConfigurationName = Release;
		};
/* End XCConfigurationList section */
	};
	rootObject = 12FED3BA24035CEC0066726E /* Project object */;
}
